dependencies:
- name: alloy
  repository: https://grafana.github.io/helm-charts
  version: 1.7.0
- name: alloy
  repository: https://grafana.github.io/helm-charts
  version: 1.7.0
digest: sha256:07296c861dc31e9333e06863112d0972eb9bdfb0f39636cda8cdfcbd6ba7efba
generated: "2026-04-05T10:03:56.408599415Z"
